
Microsoft Visual Studio Solution File, Format Version 12.00
# Visual Studio Version 16
VisualStudioVersion = 16.0.31129.286
MinimumVisualStudioVersion = 10.0.40219.1
Project("{FAE04EC0-301F-11D3-BF4B-00C04F79EFBC}") = "CookBook", "CookBook\CookBook.csproj", "{F16AEB7C-53E7-4264-8B21-5E41C9BCCBA6}"
EndProject
Global
	GlobalSection(SolutionConfigurationPlatforms) = preSolution
		Debug|Any CPU = Debug|Any CPU
		Release|Any CPU = Release|Any CPU
	EndGlobalSection
	GlobalSection(ProjectConfigurationPlatforms) = postSolution
		{F16AEB7C-53E7-4264-8B21-5E41C9BCCBA6}.Debug|Any CPU.ActiveCfg = Debug|Any CPU
		{F16AEB7C-53E7-4264-8B21-5E41C9BCCBA6}.Debug|Any CPU.Build.0 = Debug|Any CPU
		{F16AEB7C-53E7-4264-8B21-5E41C9BCCBA6}.Release|Any CPU.ActiveCfg = Release|Any CPU
		{F16AEB7C-53E7-4264-8B21-5E41C9BCCBA6}.Release|Any CPU.Build.0 = Release|Any CPU
	EndGlobalSection
	GlobalSection(SolutionProperties) = preSolution
		HideSolutionNode = FALSE
	EndGlobalSection
	GlobalSection(ExtensibilityGlobals) = postSolution
		SolutionGuid = {84CDF864-1022-4F6B-9B3D-7D29B7B6AA75}
	EndGlobalSection
EndGlobal
